{
  "nodes": {
    "nixpkgs": {
      "locked": {
        "lastModified": 1684971537,
        "narHash": "sha256-t531m0NMR/JZg9FQZSLsIoWU8mf4HSPK6Wo8QiH0rdA=",
        "owner": "NixOS",
        "repo": "nixpkgs",
        "rev": "105037c7cfc60c48c075a0ed2ba49597e0e59bcd",
        "type": "github"
      },
      "original": {
        "owner": "NixOS",
        "repo": "nixpkgs",
        "type": "github"
      }
    },
    "root": {
      "inputs": {
        "nixpkgs": "nixpkgs"
      }
    }
  },
  "root": "root",
  "version": 7
}
